lockfileVersion: '9.0'

importers:
  .:
    dependencies:
      react:
        specifier: ^18.0.0
        version: 18.2.0
      react-dom:
        specifier: ^18.0.0
        version: 18.2.0(react@18.2.0)
      next:
        specifier: ^14.0.0
        version: 14.0.3
      typescript:
        specifier: ^5.0.0
        version: 5.2.2
      lucide-react:
        specifier: ^latest
        version: 0.292.0
      clsx:
        specifier: ^2.0.0
        version: 2.0.0
      tailwindcss:
        specifier: ^3.0.0
        version: 3.3.6

packages:
  react@18.2.0:
    resolution: {integrity: sha512-/3IjMdb2cR1z8h0+QC8lPHlGGtxMBNbOVJL2+F3P1W2v4}
    peerDependencies:
      react: '18.2.0'
    dev: false

  react-dom@18.2.0:
    resolution: {integrity: sha512-IM4t31NeCq9w5fcl5zcbXXE2GhDZT75vD6Xqm6VgG76yI6pJbfzLM1EBgQQeJzLj/pNwWn0K3dXhIyPdWrD8w==}
    peerDependencies:
      react: '18.2.0'
    dev: false

  next@14.0.3:
    resolution: {integrity: sha512-+qDFjBn3pVKOoXpI9X+v5w8GhF8yVc84oIIV2wWF+OzMDEKGILPlNqb2K/4VGRapJrNmSxaHmLMLWFJUCl1r9Q==}
    peerDependencies:
      react: '18.2.0'
      react-dom: '18.2.0'
    dev: false

  typescript@5.2.2:
    resolution: {integrity: sha512-mI4WrpHsbCIB3v/JJXoNCHzDE3wKoQ68JK7N8Ky4/AYR19Ieb9IgeJaB04Z2CRJNZTC+2c+n7vPDMD5QxvnnA==}
    dev: false

  lucide-react@0.292.0:
    resolution: {integrity: sha512-i0+bQNqVzLfavSbarLSvYmKuq4w+SUyGXSWsQFJCl6g2RVUhRb7dI+NDSD6BEfj8ztWF6mWz9o0j/3hQlBBog==}
    peerDependencies:
      react: '>=16.5.1'
      react-dom: '>=16.5.1'
    dev: false

  clsx@2.0.0:
    resolution: {integrity: sha512-rQ1+kcj+ttHG0MKVGBUXwaLU+3/+KMnETY7Fsuj7ZAnG+30JTiee1w0+XRjfUbSR1+6V0pt3ds26qv7hfollowing==}
    dev: false

  tailwindcss@3.3.6:
    resolution: {integrity: sha512-4nZYZ87Cxj0K6yEhwF0vZVIPDc5UVW8V/yqE9D+VR6K5z1mFH3nXuMONbNW4S1pKwIHnhJ9qLbsGRUvJr3oKg==}
    dev: false
